
Microsoft Visual Studio Solution File, Format Version 12.00
# Visual Studio Version 17
VisualStudioVersion = 17.14.36310.24 d17.14
MinimumVisualStudioVersion = 10.0.40219.1
Project("{FAE04EC0-301F-11D3-BF4B-00C04F79EFBC}") = "CrudEmpresarial_beta_desafio", "..\CrudEmpresarial_beta_desafio\CrudEmpresarial_beta_desafio.csproj", "{2ECF8227-5865-479D-B2BE-D57297926EE9}"
EndProject
Global
	GlobalSection(SolutionConfigurationPlatforms) = preSolution
		Debug|Any CPU = Debug|Any CPU
		Release|Any CPU = Release|Any CPU
	EndGlobalSection
	GlobalSection(ProjectConfigurationPlatforms) = postSolution
		{2ECF8227-5865-479D-B2BE-D57297926EE9}.Debug|Any CPU.ActiveCfg = Debug|Any CPU
		{2ECF8227-5865-479D-B2BE-D57297926EE9}.Debug|Any CPU.Build.0 = Debug|Any CPU
		{2ECF8227-5865-479D-B2BE-D57297926EE9}.Release|Any CPU.ActiveCfg = Release|Any CPU
		{2ECF8227-5865-479D-B2BE-D57297926EE9}.Release|Any CPU.Build.0 = Release|Any CPU
	EndGlobalSection
	GlobalSection(SolutionProperties) = preSolution
		HideSolutionNode = FALSE
	EndGlobalSection
	GlobalSection(ExtensibilityGlobals) = postSolution
		SolutionGuid = {DCA70054-0A54-4DB7-8B45-C2EAE2AA62C6}
	EndGlobalSection
EndGlobal
